
Microsoft Visual Studio Solution File, Format Version 12.00
# Visual Studio Version 16
VisualStudioVersion = 16.0.29123.88
MinimumVisualStudioVersion = 10.0.40219.1
Project("{FAE04EC0-301F-11D3-BF4B-00C04F79EFBC}") = "Lemonadestand", "Lemonadestand\Lemonadestand.csproj", "{D6847A86-66B4-49E5-9693-29347FD50DD2}"
EndProject
Global
	GlobalSection(SolutionConfigurationPlatforms) = preSolution
		Debug|Any CPU = Debug|Any CPU
		Release|Any CPU = Release|Any CPU
	EndGlobalSection
	GlobalSection(ProjectConfigurationPlatforms) = postSolution
		{D6847A86-66B4-49E5-9693-29347FD50DD2}.Debug|Any CPU.ActiveCfg = Debug|Any CPU
		{D6847A86-66B4-49E5-9693-29347FD50DD2}.Debug|Any CPU.Build.0 = Debug|Any CPU
		{D6847A86-66B4-49E5-9693-29347FD50DD2}.Release|Any CPU.ActiveCfg = Release|Any CPU
		{D6847A86-66B4-49E5-9693-29347FD50DD2}.Release|Any CPU.Build.0 = Release|Any CPU
	EndGlobalSection
	GlobalSection(SolutionProperties) = preSolution
		HideSolutionNode = FALSE
	EndGlobalSection
	GlobalSection(ExtensibilityGlobals) = postSolution
		SolutionGuid = {7E388B42-4B7F-495A-87C2-F7446D57E423}
	EndGlobalSection
EndGlobal
